
Microsoft Visual Studio Solution File, Format Version 12.00
# Visual Studio Version 17
VisualStudioVersion = 17.9.34616.47
MinimumVisualStudioVersion = 10.0.40219.1
Project("{FAE04EC0-301F-11D3-BF4B-00C04F79EFBC}") = "exercise_3", "exercise_3\exercise_3.csproj", "{AB862A9F-3FD9-4799-B6D6-C08C227232AE}"
EndProject
Global
	GlobalSection(SolutionConfigurationPlatforms) = preSolution
		Debug|Any CPU = Debug|Any CPU
		Release|Any CPU = Release|Any CPU
	EndGlobalSection
	GlobalSection(ProjectConfigurationPlatforms) = postSolution
		{AB862A9F-3FD9-4799-B6D6-C08C227232AE}.Debug|Any CPU.ActiveCfg = Debug|Any CPU
		{AB862A9F-3FD9-4799-B6D6-C08C227232AE}.Debug|Any CPU.Build.0 = Debug|Any CPU
		{AB862A9F-3FD9-4799-B6D6-C08C227232AE}.Release|Any CPU.ActiveCfg = Release|Any CPU
		{AB862A9F-3FD9-4799-B6D6-C08C227232AE}.Release|Any CPU.Build.0 = Release|Any CPU
	EndGlobalSection
	GlobalSection(SolutionProperties) = preSolution
		HideSolutionNode = FALSE
	EndGlobalSection
	GlobalSection(ExtensibilityGlobals) = postSolution
		SolutionGuid = {834DAC42-6296-4C15-9455-8F7CE0BF72B1}
	EndGlobalSection
EndGlobal
