
Microsoft Visual Studio Solution File, Format Version 12.00
# Visual Studio Version 17
VisualStudioVersion = 17.9.34616.47
MinimumVisualStudioVersion = 10.0.40219.1
Project("{FAE04EC0-301F-11D3-BF4B-00C04F79EFBC}") = "exercise_1", "exercise_1\exercise_1.csproj", "{3A718A2E-9789-49B8-B351-9A3A45A5B06D}"
EndProject
Global
	GlobalSection(SolutionConfigurationPlatforms) = preSolution
		Debug|Any CPU = Debug|Any CPU
		Release|Any CPU = Release|Any CPU
	EndGlobalSection
	GlobalSection(ProjectConfigurationPlatforms) = postSolution
		{3A718A2E-9789-49B8-B351-9A3A45A5B06D}.Debug|Any CPU.ActiveCfg = Debug|Any CPU
		{3A718A2E-9789-49B8-B351-9A3A45A5B06D}.Debug|Any CPU.Build.0 = Debug|Any CPU
		{3A718A2E-9789-49B8-B351-9A3A45A5B06D}.Release|Any CPU.ActiveCfg = Release|Any CPU
		{3A718A2E-9789-49B8-B351-9A3A45A5B06D}.Release|Any CPU.Build.0 = Release|Any CPU
	EndGlobalSection
	GlobalSection(SolutionProperties) = preSolution
		HideSolutionNode = FALSE
	EndGlobalSection
	GlobalSection(ExtensibilityGlobals) = postSolution
		SolutionGuid = {F7B55E31-C9B6-4225-8BBC-615B9104D061}
	EndGlobalSection
EndGlobal
